# THIS IS AN AUTOGENERATED FILE. DO NOT EDIT THIS FILE DIRECTLY.
# yarn lockfile v1


"@next/env@12.0.11-canary.21":
  version "12.0.11-canary.21"
  resolved "https://registry.yarnpkg.com/@next/env/-/env-12.0.11-canary.21.tgz#dfc4c5c5c0c5e80ead9b3c6e8e91c63fcc0ed01d"
  integrity sha512-sFOgK1TDpItRjzB2sMpnd051eYEggf0yMUNtxNdjlRjNUMZ3gVjsoYuohnG1lD0bADQkJhRFj9+1EIfALLimGQ==

"@next/swc-android-arm64@12.0.11-canary.21":
  version "12.0.11-canary.21"
  resolved "https://registry.yarnpkg.com/@next/swc-android-arm64/-/swc-android-arm64-12.0.11-canary.21.tgz#679af6808d0ad855113338a2fea23dab6d4e0da8"
  integrity sha512-nTgfO8d8yXSsvs+rj8vDlmoNKUP4wPZMc/myq0bp4jtWBqMxwqK1H+1UTfWgwOKDLNOwKavNPeHGZga2eJfDEA==

"@next/swc-darwin-arm64@12.0.11-canary.21":
  version "12.0.11-canary.21"
  resolved "https://registry.yarnpkg.com/@next/swc-darwin-arm64/-/swc-darwin-arm64-12.0.11-canary.21.tgz#697723de508df48c2463cac94967a99e1b190ba5"
  integrity sha512-fCSNopOrJs/YtD8I26Z1tbUMVbFc32bzs54wWMG+ZX65oXMeDy14IflBTNQ6P8FcL5JO4CB68R5fEjYI1GQfQA==

"@next/swc-darwin-x64@12.0.11-canary.21":
  version "12.0.11-canary.21"
  resolved "https://registry.yarnpkg.com/@next/swc-darwin-x64/-/swc-darwin-x64-12.0.11-canary.21.tgz#e97984468ca38850c2b47738f069932f7c90ef76"
  integrity sha512-VtQcTOghAU6jSQIfKJIn+huPHXQxEjwzzyM/MftP7vjFsfFfHh9tG4Ad6EtJoT4P0QcpRvAxX5JTHmrM7rIJtw==

"@next/swc-linux-arm-gnueabihf@12.0.11-canary.21":
  version "12.0.11-canary.21"
  resolved "https://registry.yarnpkg.com/@next/swc-linux-arm-gnueabihf/-/swc-linux-arm-gnueabihf-12.0.11-canary.21.tgz#e68d7a06f337eff4a90a88082fe7cd97d4c9321c"
  integrity sha512-aNwwYq14IpF1SQOCZt7NAU4aFjuZk65wFMcivFIwRrEVisKcqq6CKcKHWlfF9DVqeQGOEpF/JnQLiyxgFxNRNw==

"@next/swc-linux-arm64-gnu@12.0.11-canary.21":
  version "12.0.11-canary.21"
  resolved "https://registry.yarnpkg.com/@next/swc-linux-arm64-gnu/-/swc-linux-arm64-gnu-12.0.11-canary.21.tgz#4b918c8f6c1833d176ae2983cd4a6e53049bf122"
  integrity sha512-BEP37ifkPjS4Bp/o7qyYlthyUBZrgGfLNwxwt3Ys/rsN49GqrFGOlpRrRJwFLNAgk9BwLNrrUw2+bXEbqr4sAg==

"@next/swc-linux-arm64-musl@12.0.11-canary.21":
  version "12.0.11-canary.21"
  resolved "https://registry.yarnpkg.com/@next/swc-linux-arm64-musl/-/swc-linux-arm64-musl-12.0.11-canary.21.tgz#95231df98ab9dbaf2da90b7ecd907b97dcc78992"
  integrity sha512-cQHf2FUUAYWtIpKb5REMmbEnQhJ/c1NxIK05wowX7DwEs1iAMYEGvtxdq+5uEJZP2KHxJbrpb2aSI2C7AiDc7Q==

"@next/swc-linux-x64-gnu@12.0.11-canary.21":
  version "12.0.11-canary.21"
  resolved "https://registry.yarnpkg.com/@next/swc-linux-x64-gnu/-/swc-linux-x64-gnu-12.0.11-canary.21.tgz#cce669d2a121b9610ce5bb52965df2f288835e5c"
  integrity sha512-jB+Oxwtl15Ner8TxHC8LxgKEgvYs4eguWC1pQ2OJfB6LKsHu5QoBhX4eI3XP46CChKEWbYLmYLEi3ckeXF1p6Q==

"@next/swc-linux-x64-musl@12.0.11-canary.21":
  version "12.0.11-canary.21"
  resolved "https://registry.yarnpkg.com/@next/swc-linux-x64-musl/-/swc-linux-x64-musl-12.0.11-canary.21.tgz#a7426b3630a169fa93f4b0899aa19184ebda8f6d"
  integrity sha512-8rXSYMR2zU7NvHMXh7xSb3QuYARJRPgWDm2d/8thAJqUrRgb+BVQgMumOEciy7b0NRLz97S8jHKS3OMmrqJ5rA==

"@next/swc-win32-arm64-msvc@12.0.11-canary.21":
  version "12.0.11-canary.21"
  resolved "https://registry.yarnpkg.com/@next/swc-win32-arm64-msvc/-/swc-win32-arm64-msvc-12.0.11-canary.21.tgz#ebdda0fbed9a4128d6fc0a1040c627079b147f5c"
  integrity sha512-dtCRQM6m1EesLsx/5h7cumZcQI7tnaa4sJZlbxOysSHRc22lAqJD7vfxYZ4s9THCIjspoWHwhzBdc57L4A/ORw==

"@next/swc-win32-ia32-msvc@12.0.11-canary.21":
  version "12.0.11-canary.21"
  resolved "https://registry.yarnpkg.com/@next/swc-win32-ia32-msvc/-/swc-win32-ia32-msvc-12.0.11-canary.21.tgz#afde4f3e3db364f54ab31f617a4a837a96da5d3a"
  integrity sha512-bt93SaF7ho6EEDi5cp4gbaGt19ZN1QpVCvkJ4+zs6pTZ8r/Uwnem8H9hpzjdpGz+PwV44QqkE1H6ZDJhCRPwBA==

"@next/swc-win32-x64-msvc@12.0.11-canary.21":
  version "12.0.11-canary.21"
  resolved "https://registry.yarnpkg.com/@next/swc-win32-x64-msvc/-/swc-win32-x64-msvc-12.0.11-canary.21.tgz#11a2094fc371ad15e72201e089d3f7d63d238b06"
  integrity sha512-AV088QlNk4mIFmASTWnw7E9j2IMB1d4t7srV0+1TjM1Ie8onHWUd/+aoGQFzI8Ypk16qFYc2uB75CpB4MoQV4w==

"@types/classnames@^2.2.10":
  version "2.2.11"
  resolved "https://registry.yarnpkg.com/@types/classnames/-/classnames-2.2.11.tgz#2521cc86f69d15c5b90664e4829d84566052c1cf"
  integrity sha512-2koNhpWm3DgWRp5tpkiJ8JGc1xTn2q0l+jUNUE7oMKXUf5NpI9AIdC4kbjGNFBdHtcxBD18LAksoudAVhFKCjw==

"@types/node@^14.0.23":
  version "14.14.22"
  resolved "https://registry.yarnpkg.com/@types/node/-/node-14.14.22.tgz#0d29f382472c4ccf3bd96ff0ce47daf5b7b84b18"
  integrity sha512-g+f/qj/cNcqKkc3tFqlXOYjrmZA+jNBiDzbP3kH+B+otKFqAdPgVTGP1IeKRdMml/aE69as5S4FqtxAbl+LaMw==

"@types/prop-types@*":
  version "15.7.3"
  resolved "https://registry.yarnpkg.com/@types/prop-types/-/prop-types-15.7.3.tgz#2ab0d5da2e5815f94b0b9d4b95d1e5f243ab2ca7"
  integrity sha512-KfRL3PuHmqQLOG+2tGpRO26Ctg+Cq1E01D2DMriKEATHgWLfeNDmq9e29Q9WIky0dQ3NPkd1mzYH8Lm936Z9qw==

"@types/react@^17.0.0":
  version "17.0.0"
  resolved "https://registry.yarnpkg.com/@types/react/-/react-17.0.0.tgz#5af3eb7fad2807092f0046a1302b7823e27919b8"
  integrity sha512-aj/L7RIMsRlWML3YB6KZiXB3fV2t41+5RBGYF8z+tAKU43Px8C3cYUZsDvf1/+Bm4FK21QWBrDutu8ZJ/70qOw==
  dependencies:
    "@types/prop-types" "*"
    csstype "^3.0.2"

caniuse-lite@^1.0.30001283:
  version "1.0.30001312"
  resolved "https://registry.yarnpkg.com/caniuse-lite/-/caniuse-lite-1.0.30001312.tgz#e11eba4b87e24d22697dae05455d5aea28550d5f"
  integrity sha512-Wiz1Psk2MEK0pX3rUzWaunLTZzqS2JYZFzNKqAiJGiuxIjRPLgV6+VDPOg6lQOUxmDwhTlh198JsTTi8Hzw6aQ==

classnames@^2.2.6:
  version "2.2.6"
  resolved "https://registry.yarnpkg.com/classnames/-/classnames-2.2.6.tgz#43935bffdd291f326dad0a205309b38d00f650ce"
  integrity sha512-JR/iSQOSt+LQIWwrwEzJ9uk0xfN3mTVYMwt1Ir5mUcSN6pU+V4zQFFaJsclJbPuAUQH+yfWef6tm7l1quW3C8Q==

csstype@^3.0.2:
  version "3.0.6"
  resolved "https://registry.yarnpkg.com/csstype/-/csstype-3.0.6.tgz#865d0b5833d7d8d40f4e5b8a6d76aea3de4725ef"
  integrity sha512-+ZAmfyWMT7TiIlzdqJgjMb7S4f1beorDbWbsocyK4RaiqA5RTX3K14bnBWmmA9QEM0gRdsjyyrEmcyga8Zsxmw==

enhanced-resolve@^5.3.2:
  version "5.7.0"
  resolved "https://registry.yarnpkg.com/enhanced-resolve/-/enhanced-resolve-5.7.0.tgz#525c5d856680fbd5052de453ac83e32049958b5c"
  integrity sha512-6njwt/NsZFUKhM6j9U8hzVyD4E4r0x7NQzhTCbcWOJ0IQjNSAoalWmb0AE51Wn+fwan5qVESWi7t2ToBxs9vrw==
  dependencies:
    graceful-fs "^4.2.4"
    tapable "^2.2.0"

find-up@^5.0.0:
  version "5.0.0"
  resolved "https://registry.yarnpkg.com/find-up/-/find-up-5.0.0.tgz#4c92819ecb7083561e4f4a240a86be5198f536fc"
  integrity sha512-78/PXT1wlLLDgTzDs7sjq9hzz0vXD+zn+7wypEe4fXQxCmdmqfGsEPQxmiCSQI3ajFV91bVSsvNtrJRiW6nGng==
  dependencies:
    locate-path "^6.0.0"
    path-exists "^4.0.0"

graceful-fs@^4.2.4:
  version "4.2.4"
  resolved "https://registry.yarnpkg.com/graceful-fs/-/graceful-fs-4.2.4.tgz#2256bde14d3632958c465ebc96dc467ca07a29fb"
  integrity sha512-WjKPNJF79dtJAVniUlGGWHYGz2jWxT6VhN/4m1NdkbZ2nOsEF+cI1Edgql5zCRhs/VsQYRvrXctxktVXZUkixw==

"js-tokens@^3.0.0 || ^4.0.0":
  version "4.0.0"
  resolved "https://registry.yarnpkg.com/js-tokens/-/js-tokens-4.0.0.tgz#19203fb59991df98e3a287050d4647cdeaf32499"
  integrity sha512-RdJUflcE3cUzKiMqQgsCu06FPu9UdIJO0beYbPhHN4k6apgJtifcoCtT9bcxOpYBtpD2kCM6Sbzg4CausW/PKQ==

locate-path@^6.0.0:
  version "6.0.0"
  resolved "https://registry.yarnpkg.com/locate-path/-/locate-path-6.0.0.tgz#55321eb309febbc59c4801d931a72452a681d286"
  integrity sha512-iPZK6eYjbxRu3uB4/WZ3EsEIMJFMqAoopl3R+zuq0UjcAm/MO6KCweDgPfP3elTztoKP3KtnVHxTn2NHBSDVUw==
  dependencies:
    p-locate "^5.0.0"

loose-envify@^1.1.0:
  version "1.4.0"
  resolved "https://registry.yarnpkg.com/loose-envify/-/loose-envify-1.4.0.tgz#71ee51fa7be4caec1a63839f7e682d8132d30caf"
  integrity sha512-lyuxPGr/Wfhrlem2CL/UcnUc1zcqKAImBDzukY7Y5F/yQiNdko6+fRLevlw1HgMySw7f611UIY408EtxRSoK3Q==
  dependencies:
    js-tokens "^3.0.0 || ^4.0.0"

nanoid@^3.1.30:
  version "3.3.1"
  resolved "https://registry.yarnpkg.com/nanoid/-/nanoid-3.3.1.tgz#6347a18cac88af88f58af0b3594b723d5e99bb35"
  integrity sha512-n6Vs/3KGyxPQd6uO0eH4Bv0ojGSUvuLlIHtC3Y0kEO23YRge8H9x1GCzLn28YX0H66pMkxuaeESFq4tKISKwdw==

next-compose-plugins@^2.2.0:
  version "2.2.1"
  resolved "https://registry.yarnpkg.com/next-compose-plugins/-/next-compose-plugins-2.2.1.tgz#020fc53f275a7e719d62521bef4300fbb6fde5ab"
  integrity sha512-OjJ+fV15FXO2uQXQagLD4C0abYErBjyjE0I0FHpOEIB8upw0hg1ldFP6cqHTJBH1cZqy96OeR3u1dJ+Ez2D4Bg==

next-transpile-modules@^6.0.0:
  version "6.0.0"
  resolved "https://registry.yarnpkg.com/next-transpile-modules/-/next-transpile-modules-6.0.0.tgz#ba2d9c944de34a6e04c8834b6a06dbc4b28e4611"
  integrity sha512-+Xdn4Upb8FeOXorzqVFyqww3kR9ML6S7y6Q3gFnoLdsqC5Jim3fwGNGTHENLOwedoKxcM6bCyRBuMYzyxru/wA==
  dependencies:
    enhanced-resolve "^5.3.2"
    pkg-dir "^5.0.0"

next@canary:
  version "12.0.11-canary.21"
  resolved "https://registry.yarnpkg.com/next/-/next-12.0.11-canary.21.tgz#744d48de5621b2c4e45063891819b5fd49dbfae2"
  integrity sha512-bmKtxmVK+lJ2RywFU2xOspffvBQDZHaIH6L/5dD6/WELu8x4HYdt1NMl3O610Fkr8EpctRBERVR1IEFXRlsYGw==
  dependencies:
    "@next/env" "12.0.11-canary.21"
    caniuse-lite "^1.0.30001283"
    postcss "8.4.5"
    styled-jsx "5.0.0"
    use-subscription "1.5.1"
  optionalDependencies:
    "@next/swc-android-arm64" "12.0.11-canary.21"
    "@next/swc-darwin-arm64" "12.0.11-canary.21"
    "@next/swc-darwin-x64" "12.0.11-canary.21"
    "@next/swc-linux-arm-gnueabihf" "12.0.11-canary.21"
    "@next/swc-linux-arm64-gnu" "12.0.11-canary.21"
    "@next/swc-linux-arm64-musl" "12.0.11-canary.21"
    "@next/swc-linux-x64-gnu" "12.0.11-canary.21"
    "@next/swc-linux-x64-musl" "12.0.11-canary.21"
    "@next/swc-win32-arm64-msvc" "12.0.11-canary.21"
    "@next/swc-win32-ia32-msvc" "12.0.11-canary.21"
    "@next/swc-win32-x64-msvc" "12.0.11-canary.21"

object-assign@^4.1.1:
  version "4.1.1"
  resolved "https://registry.yarnpkg.com/object-assign/-/object-assign-4.1.1.tgz#2109adc7965887cfc05cbbd442cac8bfbb360863"
  integrity sha1-IQmtx5ZYh8/AXLvUQsrIv7s2CGM=

p-limit@^3.0.2:
  version "3.1.0"
  resolved "https://registry.yarnpkg.com/p-limit/-/p-limit-3.1.0.tgz#e1daccbe78d0d1388ca18c64fea38e3e57e3706b"
  integrity sha512-TYOanM3wGwNGsZN2cVTYPArw454xnXj5qmWF1bEoAc4+cU/ol7GVh7odevjp1FNHduHc3KZMcFduxU5Xc6uJRQ==
  dependencies:
    yocto-queue "^0.1.0"

p-locate@^5.0.0:
  version "5.0.0"
  resolved "https://registry.yarnpkg.com/p-locate/-/p-locate-5.0.0.tgz#83c8315c6785005e3bd021839411c9e110e6d834"
  integrity sha512-LaNjtRWUBY++zB5nE/NwcaoMylSPk+S+ZHNB1TzdbMJMny6dynpAGt7X/tl/QYq3TIeE6nxHppbo2LGymrG5Pw==
  dependencies:
    p-limit "^3.0.2"

path-exists@^4.0.0:
  version "4.0.0"
  resolved "https://registry.yarnpkg.com/path-exists/-/path-exists-4.0.0.tgz#513bdbe2d3b95d7762e8c1137efa195c6c61b5b3"
  integrity sha512-ak9Qy5Q7jYb2Wwcey5Fpvg2KoAc/ZIhLSLOSBmRmygPsGwkVVt0fZa0qrtMz+m6tJTAHfZQ8FnmB4MG4LWy7/w==

picocolors@^1.0.0:
  version "1.0.0"
  resolved "https://registry.yarnpkg.com/picocolors/-/picocolors-1.0.0.tgz#cb5bdc74ff3f51892236eaf79d68bc44564ab81c"
  integrity sha512-1fygroTLlHu66zi26VoTDv8yRgm0Fccecssto+MhsZ0D/DGW2sm8E8AjW7NU5VVTRt5GxbeZ5qBuJr+HyLYkjQ==

pkg-dir@^5.0.0:
  version "5.0.0"
  resolved "https://registry.yarnpkg.com/pkg-dir/-/pkg-dir-5.0.0.tgz#a02d6aebe6ba133a928f74aec20bafdfe6b8e760"
  integrity sha512-NPE8TDbzl/3YQYY7CSS228s3g2ollTFnc+Qi3tqmqJp9Vg2ovUpixcJEo2HJScN2Ez+kEaal6y70c0ehqJBJeA==
  dependencies:
    find-up "^5.0.0"

postcss@8.4.5:
  version "8.4.5"
  resolved "https://registry.yarnpkg.com/postcss/-/postcss-8.4.5.tgz#bae665764dfd4c6fcc24dc0fdf7e7aa00cc77f95"
  integrity sha512-jBDboWM8qpaqwkMwItqTQTiFikhs/67OYVvblFFTM7MrZjt6yMKd6r2kgXizEbTTljacm4NldIlZnhbjr84QYg==
  dependencies:
    nanoid "^3.1.30"
    picocolors "^1.0.0"
    source-map-js "^1.0.1"

react-dom@^17.0.1:
  version "17.0.1"
  resolved "https://registry.yarnpkg.com/react-dom/-/react-dom-17.0.1.tgz#1de2560474ec9f0e334285662ede52dbc5426fc6"
  integrity sha512-6eV150oJZ9U2t9svnsspTMrWNyHc6chX0KzDeAOXftRa8bNeOKTTfCJ7KorIwenkHd2xqVTBTCZd79yk/lx/Ug==
  dependencies:
    loose-envify "^1.1.0"
    object-assign "^4.1.1"
    scheduler "^0.20.1"

react@^17.0.1:
  version "17.0.1"
  resolved "https://registry.yarnpkg.com/react/-/react-17.0.1.tgz#6e0600416bd57574e3f86d92edba3d9008726127"
  integrity sha512-lG9c9UuMHdcAexXtigOZLX8exLWkW0Ku29qPRU8uhF2R9BN96dLCt0psvzPLlHc5OWkgymP3qwTRgbnw5BKx3w==
  dependencies:
    loose-envify "^1.1.0"
    object-assign "^4.1.1"

scheduler@^0.20.1:
  version "0.20.1"
  resolved "https://registry.yarnpkg.com/scheduler/-/scheduler-0.20.1.tgz#da0b907e24026b01181ecbc75efdc7f27b5a000c"
  integrity sha512-LKTe+2xNJBNxu/QhHvDR14wUXHRQbVY5ZOYpOGWRzhydZUqrLb2JBvLPY7cAqFmqrWuDED0Mjk7013SZiOz6Bw==
  dependencies:
    loose-envify "^1.1.0"
    object-assign "^4.1.1"

source-map-js@^1.0.1:
  version "1.0.2"
  resolved "https://registry.yarnpkg.com/source-map-js/-/source-map-js-1.0.2.tgz#adbc361d9c62df380125e7f161f71c826f1e490c"
  integrity sha512-R0XvVJ9WusLiqTCEiGCmICCMplcCkIwwR11mOSD9CR5u+IXYdiseeEuXCVAjS54zqwkLcPNnmU4OeJ6tUrWhDw==

styled-jsx@5.0.0:
  version "5.0.0"
  resolved "https://registry.yarnpkg.com/styled-jsx/-/styled-jsx-5.0.0.tgz#816b4b92e07b1786c6b7111821750e0ba4d26e77"
  integrity sha512-qUqsWoBquEdERe10EW8vLp3jT25s/ssG1/qX5gZ4wu15OZpmSMFI2v+fWlRhLfykA5rFtlJ1ME8A8pm/peV4WA==

tapable@^2.2.0:
  version "2.2.0"
  resolved "https://registry.yarnpkg.com/tapable/-/tapable-2.2.0.tgz#5c373d281d9c672848213d0e037d1c4165ab426b"
  integrity sha512-FBk4IesMV1rBxX2tfiK8RAmogtWn53puLOQlvO8XuwlgxcYbP4mVPS9Ph4aeamSyyVjOl24aYWAuc8U5kCVwMw==

typescript@^4.0.2:
  version "4.1.3"
  resolved "https://registry.yarnpkg.com/typescript/-/typescript-4.1.3.tgz#519d582bd94cba0cf8934c7d8e8467e473f53bb7"
  integrity sha512-B3ZIOf1IKeH2ixgHhj6la6xdwR9QrLC5d1VKeCSY4tvkqhF2eqd9O7txNlS0PO3GrBAFIdr3L1ndNwteUbZLYg==

use-subscription@1.5.1:
  version "1.5.1"
  resolved "https://registry.yarnpkg.com/use-subscription/-/use-subscription-1.5.1.tgz#73501107f02fad84c6dd57965beb0b75c68c42d1"
  integrity sha512-Xv2a1P/yReAjAbhylMfFplFKj9GssgTwN7RlcTxBujFQcloStWNDQdc4g4NRWH9xS4i/FDk04vQBptAXoF3VcA==
  dependencies:
    object-assign "^4.1.1"

yocto-queue@^0.1.0:
  version "0.1.0"
  resolved "https://registry.yarnpkg.com/yocto-queue/-/yocto-queue-0.1.0.tgz#0294eb3dee05028d31ee1a5fa2c556a6aaf10a1b"
  integrity sha512-rVksvsnNCdJ/ohGc6xgPwyN8eheCxsiLM8mxuE/t/mOVqJewPuO1miLpTHQiRgTKCLexL4MeAFVagts7HmNZ2Q==
